
Microsoft Visual Studio Solution File, Format Version 12.00
# Visual Studio Version 16
VisualStudioVersion = 16.0.31624.102
MinimumVisualStudioVersion = 10.0.40219.1
Project("{FAE04EC0-301F-11D3-BF4B-00C04F79EFBC}") = "day6 task5", "day6 task5.csproj", "{3A60CE31-E404-473C-9566-779871069238}"
EndProject
Global
	GlobalSection(SolutionConfigurationPlatforms) = preSolution
		Debug|Any CPU = Debug|Any CPU
		Release|Any CPU = Release|Any CPU
	EndGlobalSection
	GlobalSection(ProjectConfigurationPlatforms) = postSolution
		{3A60CE31-E404-473C-9566-779871069238}.Debug|Any CPU.ActiveCfg = Debug|Any CPU
		{3A60CE31-E404-473C-9566-779871069238}.Debug|Any CPU.Build.0 = Debug|Any CPU
		{3A60CE31-E404-473C-9566-779871069238}.Release|Any CPU.ActiveCfg = Release|Any CPU
		{3A60CE31-E404-473C-9566-779871069238}.Release|Any CPU.Build.0 = Release|Any CPU
	EndGlobalSection
	GlobalSection(SolutionProperties) = preSolution
		HideSolutionNode = FALSE
	EndGlobalSection
	GlobalSection(ExtensibilityGlobals) = postSolution
		SolutionGuid = {F852BB7F-E258-4951-B07F-BA6A6FF8BF7A}
	EndGlobalSection
EndGlobal
