
Microsoft Visual Studio Solution File, Format Version 12.00
# Visual Studio Version 16
VisualStudioVersion = 16.0.31624.102
MinimumVisualStudioVersion = 10.0.40219.1
Project("{FAE04EC0-301F-11D3-BF4B-00C04F79EFBC}") = "Monter enter and lock", "Monter enter and lock.csproj", "{AA981712-E4C9-4123-BE21-140C9AB9FF88}"
EndProject
Global
	GlobalSection(SolutionConfigurationPlatforms) = preSolution
		Debug|Any CPU = Debug|Any CPU
		Release|Any CPU = Release|Any CPU
	EndGlobalSection
	GlobalSection(ProjectConfigurationPlatforms) = postSolution
		{AA981712-E4C9-4123-BE21-140C9AB9FF88}.Debug|Any CPU.ActiveCfg = Debug|Any CPU
		{AA981712-E4C9-4123-BE21-140C9AB9FF88}.Debug|Any CPU.Build.0 = Debug|Any CPU
		{AA981712-E4C9-4123-BE21-140C9AB9FF88}.Release|Any CPU.ActiveCfg = Release|Any CPU
		{AA981712-E4C9-4123-BE21-140C9AB9FF88}.Release|Any CPU.Build.0 = Release|Any CPU
	EndGlobalSection
	GlobalSection(SolutionProperties) = preSolution
		HideSolutionNode = FALSE
	EndGlobalSection
	GlobalSection(ExtensibilityGlobals) = postSolution
		SolutionGuid = {41304BE9-A3A2-4CCF-9B2A-ED2EE9734898}
	EndGlobalSection
EndGlobal
