
Microsoft Visual Studio Solution File, Format Version 12.00
# Visual Studio Version 16
VisualStudioVersion = 16.0.31624.102
MinimumVisualStudioVersion = 10.0.40219.1
Project("{FAE04EC0-301F-11D3-BF4B-00C04F79EFBC}") = "enhance loop", "enhance loop\enhance loop.csproj", "{B6C8A73D-6EE3-45B3-B0F1-4F4D4E7F49F5}"
EndProject
Global
	GlobalSection(SolutionConfigurationPlatforms) = preSolution
		Debug|Any CPU = Debug|Any CPU
		Release|Any CPU = Release|Any CPU
	EndGlobalSection
	GlobalSection(ProjectConfigurationPlatforms) = postSolution
		{B6C8A73D-6EE3-45B3-B0F1-4F4D4E7F49F5}.Debug|Any CPU.ActiveCfg = Debug|Any CPU
		{B6C8A73D-6EE3-45B3-B0F1-4F4D4E7F49F5}.Debug|Any CPU.Build.0 = Debug|Any CPU
		{B6C8A73D-6EE3-45B3-B0F1-4F4D4E7F49F5}.Release|Any CPU.ActiveCfg = Release|Any CPU
		{B6C8A73D-6EE3-45B3-B0F1-4F4D4E7F49F5}.Release|Any CPU.Build.0 = Release|Any CPU
	EndGlobalSection
	GlobalSection(SolutionProperties) = preSolution
		HideSolutionNode = FALSE
	EndGlobalSection
	GlobalSection(ExtensibilityGlobals) = postSolution
		SolutionGuid = {D8441ADB-2ADF-4EA1-B140-30B82605092A}
	EndGlobalSection
EndGlobal
