
Microsoft Visual Studio Solution File, Format Version 12.00
# Visual Studio Version 16
VisualStudioVersion = 16.0.31624.102
MinimumVisualStudioVersion = 10.0.40219.1
Project("{FAE04EC0-301F-11D3-BF4B-00C04F79EFBC}") = "delegate example", "delegate example.csproj", "{590728C5-125E-4E5E-9B45-C2F1DAC44205}"
EndProject
Global
	GlobalSection(SolutionConfigurationPlatforms) = preSolution
		Debug|Any CPU = Debug|Any CPU
		Release|Any CPU = Release|Any CPU
	EndGlobalSection
	GlobalSection(ProjectConfigurationPlatforms) = postSolution
		{590728C5-125E-4E5E-9B45-C2F1DAC44205}.Debug|Any CPU.ActiveCfg = Debug|Any CPU
		{590728C5-125E-4E5E-9B45-C2F1DAC44205}.Debug|Any CPU.Build.0 = Debug|Any CPU
		{590728C5-125E-4E5E-9B45-C2F1DAC44205}.Release|Any CPU.ActiveCfg = Release|Any CPU
		{590728C5-125E-4E5E-9B45-C2F1DAC44205}.Release|Any CPU.Build.0 = Release|Any CPU
	EndGlobalSection
	GlobalSection(SolutionProperties) = preSolution
		HideSolutionNode = FALSE
	EndGlobalSection
	GlobalSection(ExtensibilityGlobals) = postSolution
		SolutionGuid = {1D30E15B-BA5E-4A17-A539-05C8996BD659}
	EndGlobalSection
EndGlobal
