
Microsoft Visual Studio Solution File, Format Version 12.00
# Visual Studio Version 16
VisualStudioVersion = 16.0.31624.102
MinimumVisualStudioVersion = 10.0.40219.1
Project("{FAE04EC0-301F-11D3-BF4B-00C04F79EFBC}") = "nested if else", "nested if else\nested if else.csproj", "{AAE05D0D-E701-4B85-ACF1-2019B5933E0B}"
EndProject
Global
	GlobalSection(SolutionConfigurationPlatforms) = preSolution
		Debug|Any CPU = Debug|Any CPU
		Release|Any CPU = Release|Any CPU
	EndGlobalSection
	GlobalSection(ProjectConfigurationPlatforms) = postSolution
		{AAE05D0D-E701-4B85-ACF1-2019B5933E0B}.Debug|Any CPU.ActiveCfg = Debug|Any CPU
		{AAE05D0D-E701-4B85-ACF1-2019B5933E0B}.Debug|Any CPU.Build.0 = Debug|Any CPU
		{AAE05D0D-E701-4B85-ACF1-2019B5933E0B}.Release|Any CPU.ActiveCfg = Release|Any CPU
		{AAE05D0D-E701-4B85-ACF1-2019B5933E0B}.Release|Any CPU.Build.0 = Release|Any CPU
	EndGlobalSection
	GlobalSection(SolutionProperties) = preSolution
		HideSolutionNode = FALSE
	EndGlobalSection
	GlobalSection(ExtensibilityGlobals) = postSolution
		SolutionGuid = {058C5275-96F1-4ADC-8905-3ACF96B16BA4}
	EndGlobalSection
EndGlobal
