
Microsoft Visual Studio Solution File, Format Version 12.00
# Visual Studio Version 16
VisualStudioVersion = 16.0.31624.102
MinimumVisualStudioVersion = 10.0.40219.1
Project("{FAE04EC0-301F-11D3-BF4B-00C04F79EFBC}") = "nested  if else", "nested  if else\nested  if else.csproj", "{950F9D5E-673A-4BFA-8428-B6C9FAE4CDAB}"
EndProject
Global
	GlobalSection(SolutionConfigurationPlatforms) = preSolution
		Debug|Any CPU = Debug|Any CPU
		Release|Any CPU = Release|Any CPU
	EndGlobalSection
	GlobalSection(ProjectConfigurationPlatforms) = postSolution
		{950F9D5E-673A-4BFA-8428-B6C9FAE4CDAB}.Debug|Any CPU.ActiveCfg = Debug|Any CPU
		{950F9D5E-673A-4BFA-8428-B6C9FAE4CDAB}.Debug|Any CPU.Build.0 = Debug|Any CPU
		{950F9D5E-673A-4BFA-8428-B6C9FAE4CDAB}.Release|Any CPU.ActiveCfg = Release|Any CPU
		{950F9D5E-673A-4BFA-8428-B6C9FAE4CDAB}.Release|Any CPU.Build.0 = Release|Any CPU
	EndGlobalSection
	GlobalSection(SolutionProperties) = preSolution
		HideSolutionNode = FALSE
	EndGlobalSection
	GlobalSection(ExtensibilityGlobals) = postSolution
		SolutionGuid = {22EDE94F-BEC8-4E5E-99EA-64D3528D798E}
	EndGlobalSection
EndGlobal
