
Microsoft Visual Studio Solution File, Format Version 12.00
# Visual Studio Version 16
VisualStudioVersion = 16.0.31624.102
MinimumVisualStudioVersion = 10.0.40219.1
Project("{FAE04EC0-301F-11D3-BF4B-00C04F79EFBC}") = "days", "days\days.csproj", "{A39A51B3-5926-437D-855B-CF3386DC1AAF}"
EndProject
Global
	GlobalSection(SolutionConfigurationPlatforms) = preSolution
		Debug|Any CPU = Debug|Any CPU
		Release|Any CPU = Release|Any CPU
	EndGlobalSection
	GlobalSection(ProjectConfigurationPlatforms) = postSolution
		{A39A51B3-5926-437D-855B-CF3386DC1AAF}.Debug|Any CPU.ActiveCfg = Debug|Any CPU
		{A39A51B3-5926-437D-855B-CF3386DC1AAF}.Debug|Any CPU.Build.0 = Debug|Any CPU
		{A39A51B3-5926-437D-855B-CF3386DC1AAF}.Release|Any CPU.ActiveCfg = Release|Any CPU
		{A39A51B3-5926-437D-855B-CF3386DC1AAF}.Release|Any CPU.Build.0 = Release|Any CPU
	EndGlobalSection
	GlobalSection(SolutionProperties) = preSolution
		HideSolutionNode = FALSE
	EndGlobalSection
	GlobalSection(ExtensibilityGlobals) = postSolution
		SolutionGuid = {295963AC-5C6D-4907-8158-4B53E2B161F7}
	EndGlobalSection
EndGlobal
