
Microsoft Visual Studio Solution File, Format Version 12.00
# Visual Studio Version 16
VisualStudioVersion = 16.0.31624.102
MinimumVisualStudioVersion = 10.0.40219.1
Project("{FAE04EC0-301F-11D3-BF4B-00C04F79EFBC}") = "Linq", "Linq.csproj", "{B1B5207C-31DE-4218-865B-9B18C621B62F}"
EndProject
Global
	GlobalSection(SolutionConfigurationPlatforms) = preSolution
		Debug|Any CPU = Debug|Any CPU
		Release|Any CPU = Release|Any CPU
	EndGlobalSection
	GlobalSection(ProjectConfigurationPlatforms) = postSolution
		{B1B5207C-31DE-4218-865B-9B18C621B62F}.Debug|Any CPU.ActiveCfg = Debug|Any CPU
		{B1B5207C-31DE-4218-865B-9B18C621B62F}.Debug|Any CPU.Build.0 = Debug|Any CPU
		{B1B5207C-31DE-4218-865B-9B18C621B62F}.Release|Any CPU.ActiveCfg = Release|Any CPU
		{B1B5207C-31DE-4218-865B-9B18C621B62F}.Release|Any CPU.Build.0 = Release|Any CPU
	EndGlobalSection
	GlobalSection(SolutionProperties) = preSolution
		HideSolutionNode = FALSE
	EndGlobalSection
	GlobalSection(ExtensibilityGlobals) = postSolution
		SolutionGuid = {5455A832-4EFA-4EED-BA70-070EF3004FB2}
	EndGlobalSection
EndGlobal
