
Microsoft Visual Studio Solution File, Format Version 12.00
# Visual Studio Version 16
VisualStudioVersion = 16.0.31624.102
MinimumVisualStudioVersion = 10.0.40219.1
Project("{FAE04EC0-301F-11D3-BF4B-00C04F79EFBC}") = "ConsoleApp5", "ConsoleApp5\ConsoleApp5.csproj", "{9B4B1EC3-327B-4DD7-8565-D1676ABDF736}"
EndProject
Global
	GlobalSection(SolutionConfigurationPlatforms) = preSolution
		Debug|Any CPU = Debug|Any CPU
		Release|Any CPU = Release|Any CPU
	EndGlobalSection
	GlobalSection(ProjectConfigurationPlatforms) = postSolution
		{9B4B1EC3-327B-4DD7-8565-D1676ABDF736}.Debug|Any CPU.ActiveCfg = Debug|Any CPU
		{9B4B1EC3-327B-4DD7-8565-D1676ABDF736}.Debug|Any CPU.Build.0 = Debug|Any CPU
		{9B4B1EC3-327B-4DD7-8565-D1676ABDF736}.Release|Any CPU.ActiveCfg = Release|Any CPU
		{9B4B1EC3-327B-4DD7-8565-D1676ABDF736}.Release|Any CPU.Build.0 = Release|Any CPU
	EndGlobalSection
	GlobalSection(SolutionProperties) = preSolution
		HideSolutionNode = FALSE
	EndGlobalSection
	GlobalSection(ExtensibilityGlobals) = postSolution
		SolutionGuid = {4131854E-24CC-4BAC-9746-F212984043B2}
	EndGlobalSection
EndGlobal
